{
  "name": "@tencent/mplogd",
  "version": "1.0.4",
  "lockfileVersion": 1,
  "requires": true,
  "dependencies": {
    "@babel/code-frame": {
      "version": "7.5.5",
      "resolved": "http://r.tnpm.oa.com/@babel/code-frame/download/@babel/code-frame-7.5.5.tgz",
      "integrity": "sha1-vAeC9tafe31JUxIZaZuYj2aaj50=",
      "dev": true,
      "requires": {
        "@babel/highlight": "^7.0.0"
      }
    },
    "@babel/highlight": {
      "version": "7.5.0",
      "resolved": "http://r.tnpm.oa.com/@babel/highlight/download/@babel/highlight-7.5.0.tgz",
      "integrity": "sha1-VtETEr2SSPphlZHQJHK+boyzJUA=",
      "dev": true,
      "requires": {
        "chalk": "^2.0.0",
        "esutils": "^2.0.2",
        "js-tokens": "^4.0.0"
      }
    },
    "@tencent/flog-core": {
      "version": "1.3.3",
      "resolved": "http://r.tnpm.oa.com/@tencent/flog-core/download/@tencent/flog-core-1.3.3.tgz",
      "integrity": "sha1-F6J6kopjxhs76+zK54/JdMUgUQ0=",
      "requires": {
        "src": "^1.1.2"
      }
    },
    "@types/estree": {
      "version": "0.0.39",
      "resolved": "http://r.tnpm.oa.com/@types/estree/download/@types/estree-0.0.39.tgz",
      "integrity": "sha1-4Xfmme4bjCLSMXTKqnQiZEOJUJ8=",
      "dev": true
    },
    "@types/node": {
      "version": "12.7.8",
      "resolved": "http://r.tnpm.oa.com/@types/node/download/@types/node-12.7.8.tgz",
      "integrity": "sha1-yxv2gAI4iYvC/2/6VwLDyt01Bwg=",
      "dev": true
    },
    "acorn": {
      "version": "7.1.0",
      "resolved": "http://r.tnpm.oa.com/acorn/download/acorn-7.1.0.tgz",
      "integrity": "sha1-lJ028sKSU12mAig1hsJHfFfrLWw=",
      "dev": true
    },
    "ansi-styles": {
      "version": "3.2.1",
      "resolved": "http://r.tnpm.oa.com/ansi-styles/download/ansi-styles-3.2.1.tgz",
      "integrity": "sha1-QfuyAkPlCxK+DwS43tvwdSDOhB0=",
      "dev": true,
      "requires": {
        "color-convert": "^1.9.0"
      }
    },
    "arg": {
      "version": "4.1.1",
      "resolved": "http://r.tnpm.oa.com/arg/download/arg-4.1.1.tgz",
      "integrity": "sha1-SF+OfDkM5MX3glfb6oDUvhH+2kw=",
      "dev": true
    },
    "buffer-from": {
      "version": "1.1.1",
      "resolved": "http://r.tnpm.oa.com/buffer-from/download/buffer-from-1.1.1.tgz",
      "integrity": "sha1-MnE7wCj3XAL9txDXx7zsHyxgcO8=",
      "dev": true
    },
    "chalk": {
      "version": "2.4.2",
      "resolved": "http://r.tnpm.oa.com/chalk/download/chalk-2.4.2.tgz",
      "integrity": "sha1-zUJUFnelQzPPVBpJEIwUMrRMlCQ=",
      "dev": true,
      "requires": {
        "ansi-styles": "^3.2.1",
        "escape-string-regexp": "^1.0.5",
        "supports-color": "^5.3.0"
      }
    },
    "color-convert": {
      "version": "1.9.3",
      "resolved": "http://r.tnpm.oa.com/color-convert/download/color-convert-1.9.3.tgz",
      "integrity": "sha1-u3GFBpDh8TZWfeYp0tVHHe2kweg=",
      "dev": true,
      "requires": {
        "color-name": "1.1.3"
      }
    },
    "color-name": {
      "version": "1.1.3",
      "resolved": "http://r.tnpm.oa.com/color-name/download/color-name-1.1.3.tgz",
      "integrity": "sha1-p9BVi9icQveV3UIyj3QIMcpTvCU=",
      "dev": true
    },
    "commander": {
      "version": "2.20.1",
      "resolved": "http://r.tnpm.oa.com/commander/download/commander-2.20.1.tgz",
      "integrity": "sha1-OGPOPKktCDHc8qEC9ftLWSav0Pk=",
      "dev": true
    },
    "commondir": {
      "version": "1.0.1",
      "resolved": "http://r.tnpm.oa.com/commondir/download/commondir-1.0.1.tgz",
      "integrity": "sha1-3dgA2gxmEnOTzKWVDqloo6rxJTs=",
      "dev": true
    },
    "denque": {
      "version": "1.4.1",
      "resolved": "http://r.tnpm.oa.com/denque/download/denque-1.4.1.tgz",
      "integrity": "sha1-Z0T/dkHBSMP4ppwwflEjXB9KN88="
    },
    "diff": {
      "version": "4.0.1",
      "resolved": "http://r.tnpm.oa.com/diff/download/diff-4.0.1.tgz",
      "integrity": "sha1-DGZ8tGfru1zqfxTxNcwtuneAqP8=",
      "dev": true
    },
    "escape-string-regexp": {
      "version": "1.0.5",
      "resolved": "http://r.tnpm.oa.com/escape-string-regexp/download/escape-string-regexp-1.0.5.tgz",
      "integrity": "sha1-G2HAViGQqN/2rjuyzwIAyhMLhtQ=",
      "dev": true
    },
    "estree-walker": {
      "version": "0.6.1",
      "resolved": "http://r.tnpm.oa.com/estree-walker/download/estree-walker-0.6.1.tgz",
      "integrity": "sha1-UwSRQ/QMbrkYsjZx0f4yGfOhs2I=",
      "dev": true
    },
    "esutils": {
      "version": "2.0.3",
      "resolved": "http://r.tnpm.oa.com/esutils/download/esutils-2.0.3.tgz",
      "integrity": "sha1-dNLrTeC42hKTcRkQ1Qd1ubcQ72Q=",
      "dev": true
    },
    "find-cache-dir": {
      "version": "3.0.0",
      "resolved": "http://r.tnpm.oa.com/find-cache-dir/download/find-cache-dir-3.0.0.tgz",
      "integrity": "sha1-zUt92Xtxhbfhfb/i1uQRXuPuuPw=",
      "dev": true,
      "requires": {
        "commondir": "^1.0.1",
        "make-dir": "^3.0.0",
        "pkg-dir": "^4.1.0"
      }
    },
    "find-up": {
      "version": "4.1.0",
      "resolved": "http://r.tnpm.oa.com/find-up/download/find-up-4.1.0.tgz",
      "integrity": "sha1-l6/n1s3AvFkoWEt8jXsW6KmqXRk=",
      "dev": true,
      "requires": {
        "locate-path": "^5.0.0",
        "path-exists": "^4.0.0"
      }
    },
    "fs-extra": {
      "version": "8.1.0",
      "resolved": "http://r.tnpm.oa.com/fs-extra/download/fs-extra-8.1.0.tgz",
      "integrity": "sha1-SdQ8RaiM2Wd2aMt74bRu/bjS4cA=",
      "dev": true,
      "requires": {
        "graceful-fs": "^4.2.0",
        "jsonfile": "^4.0.0",
        "universalify": "^0.1.0"
      }
    },
    "graceful-fs": {
      "version": "4.2.2",
      "resolved": "http://r.tnpm.oa.com/graceful-fs/download/graceful-fs-4.2.2.tgz",
      "integrity": "sha1-bwlSYF0BQMHP2xOO0AV3W5LWewI=",
      "dev": true
    },
    "has-flag": {
      "version": "3.0.0",
      "resolved": "http://r.tnpm.oa.com/has-flag/download/has-flag-3.0.0.tgz",
      "integrity": "sha1-tdRU3CGZriJWmfNGfloH87lVuv0=",
      "dev": true
    },
    "jest-worker": {
      "version": "24.9.0",
      "resolved": "http://r.tnpm.oa.com/jest-worker/download/jest-worker-24.9.0.tgz",
      "integrity": "sha1-Xb/bWy0yLphWeJgjipaXvM5ns+U=",
      "dev": true,
      "requires": {
        "merge-stream": "^2.0.0",
        "supports-color": "^6.1.0"
      },
      "dependencies": {
        "supports-color": {
          "version": "6.1.0",
          "resolved": "http://r.tnpm.oa.com/supports-color/download/supports-color-6.1.0.tgz",
          "integrity": "sha1-B2Srxpxj1ayELdSGfo0CXogN+PM=",
          "dev": true,
          "requires": {
            "has-flag": "^3.0.0"
          }
        }
      }
    },
    "js-tokens": {
      "version": "4.0.0",
      "resolved": "http://r.tnpm.oa.com/js-tokens/download/js-tokens-4.0.0.tgz",
      "integrity": "sha1-GSA/tZmR35jjoocFDUZHzerzJJk=",
      "dev": true
    },
    "jsonfile": {
      "version": "4.0.0",
      "resolved": "http://r.tnpm.oa.com/jsonfile/download/jsonfile-4.0.0.tgz",
      "integrity": "sha1-h3Gq4HmbZAdrdmQPygWPnBDjPss=",
      "dev": true,
      "requires": {
        "graceful-fs": "^4.1.6"
      }
    },
    "locate-path": {
      "version": "5.0.0",
      "resolved": "http://r.tnpm.oa.com/locate-path/download/locate-path-5.0.0.tgz",
      "integrity": "sha1-Gvujlq/WdqbUJQTQpno6frn2KqA=",
      "dev": true,
      "requires": {
        "p-locate": "^4.1.0"
      }
    },
    "magic-string": {
      "version": "0.25.3",
      "resolved": "http://r.tnpm.oa.com/magic-string/download/magic-string-0.25.3.tgz",
      "integrity": "sha1-NLjSosf+ydm9+ZKaP9gdJx7zW+k=",
      "dev": true,
      "requires": {
        "sourcemap-codec": "^1.4.4"
      }
    },
    "make-dir": {
      "version": "3.0.0",
      "resolved": "http://r.tnpm.oa.com/make-dir/download/make-dir-3.0.0.tgz",
      "integrity": "sha1-G1859rknDtM/nwVMXA+EMEmJ+AE=",
      "dev": true,
      "requires": {
        "semver": "^6.0.0"
      }
    },
    "make-error": {
      "version": "1.3.5",
      "resolved": "http://r.tnpm.oa.com/make-error/download/make-error-1.3.5.tgz",
      "integrity": "sha1-7+ToH22yjK3WBccPKcgxtY73dsg=",
      "dev": true
    },
    "merge-stream": {
      "version": "2.0.0",
      "resolved": "http://r.tnpm.oa.com/merge-stream/download/merge-stream-2.0.0.tgz",
      "integrity": "sha1-UoI2KaFN0AyXcPtq1H3GMQ8sH2A=",
      "dev": true
    },
    "p-limit": {
      "version": "2.2.1",
      "resolved": "http://r.tnpm.oa.com/p-limit/download/p-limit-2.2.1.tgz",
      "integrity": "sha1-qgeniMwxUck5tRMfY1cPDdIAlTc=",
      "dev": true,
      "requires": {
        "p-try": "^2.0.0"
      }
    },
    "p-locate": {
      "version": "4.1.0",
      "resolved": "http://r.tnpm.oa.com/p-locate/download/p-locate-4.1.0.tgz",
      "integrity": "sha1-o0KLtwiLOmApL2aRkni3wpetTwc=",
      "dev": true,
      "requires": {
        "p-limit": "^2.2.0"
      }
    },
    "p-try": {
      "version": "2.2.0",
      "resolved": "http://r.tnpm.oa.com/p-try/download/p-try-2.2.0.tgz",
      "integrity": "sha1-yyhoVA4xPWHeWPr741zpAE1VQOY=",
      "dev": true
    },
    "path-exists": {
      "version": "4.0.0",
      "resolved": "http://r.tnpm.oa.com/path-exists/download/path-exists-4.0.0.tgz",
      "integrity": "sha1-UTvb4tO5XXdi6METfvoZXGxhtbM=",
      "dev": true
    },
    "path-parse": {
      "version": "1.0.6",
      "resolved": "http://r.tnpm.oa.com/path-parse/download/path-parse-1.0.6.tgz",
      "integrity": "sha1-1i27VnlAXXLEc37FhgDp3c8G0kw=",
      "dev": true
    },
    "pkg-dir": {
      "version": "4.2.0",
      "resolved": "http://r.tnpm.oa.com/pkg-dir/download/pkg-dir-4.2.0.tgz",
      "integrity": "sha1-8JkTPfft5CLoHR2ESCcO6z5CYfM=",
      "dev": true,
      "requires": {
        "find-up": "^4.0.0"
      }
    },
    "redis": {
      "version": "3.0.2",
      "resolved": "http://r.tnpm.oa.com/redis/download/redis-3.0.2.tgz",
      "integrity": "sha1-vUcGe4pKPmouVW5X9xzILHNgFQo=",
      "requires": {
        "denque": "^1.4.1",
        "redis-commands": "^1.5.0",
        "redis-errors": "^1.2.0",
        "redis-parser": "^3.0.0"
      }
    },
    "redis-commands": {
      "version": "1.5.0",
      "resolved": "http://r.tnpm.oa.com/redis-commands/download/redis-commands-1.5.0.tgz",
      "integrity": "sha1-gNLiBpj+aI8icSf/nlFkp90X54U="
    },
    "redis-errors": {
      "version": "1.2.0",
      "resolved": "http://r.tnpm.oa.com/redis-errors/download/redis-errors-1.2.0.tgz",
      "integrity": "sha1-62LSrbFeTq9GEMBK/hUpOEJQq60="
    },
    "redis-parser": {
      "version": "3.0.0",
      "resolved": "http://r.tnpm.oa.com/redis-parser/download/redis-parser-3.0.0.tgz",
      "integrity": "sha1-tm2CjNyv5rS4pCin3vTGvKwxyLQ=",
      "requires": {
        "redis-errors": "^1.0.0"
      }
    },
    "redis-url": {
      "version": "0.2.0",
      "resolved": "http://r.tnpm.oa.com/redis-url/download/redis-url-0.2.0.tgz",
      "integrity": "sha1-G3otrMw+qCZLH7ZWwNkB2cqcVHA=",
      "requires": {
        "redis": ">= 0.0.1"
      }
    },
    "resolve": {
      "version": "1.12.0",
      "resolved": "http://r.tnpm.oa.com/resolve/download/resolve-1.12.0.tgz",
      "integrity": "sha1-P8ZEo1yEpIVUYJ/ybsUrZvpXffY=",
      "dev": true,
      "requires": {
        "path-parse": "^1.0.6"
      }
    },
    "rollup": {
      "version": "1.22.0",
      "resolved": "http://r.tnpm.oa.com/rollup/download/rollup-1.22.0.tgz",
      "integrity": "sha1-pbJnLA7r6fK2RUIg94XbwJtktLw=",
      "dev": true,
      "requires": {
        "@types/estree": "*",
        "@types/node": "*",
        "acorn": "^7.1.0"
      }
    },
    "rollup-plugin-json": {
      "version": "4.0.0",
      "resolved": "http://r.tnpm.oa.com/rollup-plugin-json/download/rollup-plugin-json-4.0.0.tgz",
      "integrity": "sha1-oY2gpLML9coe523bFCKvu4SuK54=",
      "dev": true,
      "requires": {
        "rollup-pluginutils": "^2.5.0"
      }
    },
    "rollup-plugin-replace": {
      "version": "2.2.0",
      "resolved": "http://r.tnpm.oa.com/rollup-plugin-replace/download/rollup-plugin-replace-2.2.0.tgz",
      "integrity": "sha1-9BrlNy4R56IXzeNJyLXV/RFecOM=",
      "dev": true,
      "requires": {
        "magic-string": "^0.25.2",
        "rollup-pluginutils": "^2.6.0"
      }
    },
    "rollup-plugin-typescript2": {
      "version": "0.24.3",
      "resolved": "http://r.tnpm.oa.com/rollup-plugin-typescript2/download/rollup-plugin-typescript2-0.24.3.tgz",
      "integrity": "sha1-J2+jOp1YTVANpi0+VAAwf0pGvfI=",
      "dev": true,
      "requires": {
        "find-cache-dir": "^3.0.0",
        "fs-extra": "8.1.0",
        "resolve": "1.12.0",
        "rollup-pluginutils": "2.8.1",
        "tslib": "1.10.0"
      },
      "dependencies": {
        "rollup-pluginutils": {
          "version": "2.8.1",
          "resolved": "http://r.tnpm.oa.com/rollup-pluginutils/download/rollup-pluginutils-2.8.1.tgz",
          "integrity": "sha1-j6bdBpc0STjvJsLAnSSIzp4zzpc=",
          "dev": true,
          "requires": {
            "estree-walker": "^0.6.1"
          }
        }
      }
    },
    "rollup-plugin-uglify": {
      "version": "6.0.3",
      "resolved": "http://r.tnpm.oa.com/rollup-plugin-uglify/download/rollup-plugin-uglify-6.0.3.tgz",
      "integrity": "sha1-4/d2FxNEtYC+xsariIhiK2cJlFc=",
      "dev": true,
      "requires": {
        "@babel/code-frame": "^7.0.0",
        "jest-worker": "^24.0.0",
        "serialize-javascript": "^1.9.0",
        "uglify-js": "^3.4.9"
      }
    },
    "rollup-pluginutils": {
      "version": "2.8.2",
      "resolved": "http://r.tnpm.oa.com/rollup-pluginutils/download/rollup-pluginutils-2.8.2.tgz",
      "integrity": "sha1-cvKvB0i1kjZNvTOJ5gDlqURKNR4=",
      "dev": true,
      "requires": {
        "estree-walker": "^0.6.1"
      }
    },
    "semver": {
      "version": "6.3.0",
      "resolved": "http://r.tnpm.oa.com/semver/download/semver-6.3.0.tgz",
      "integrity": "sha1-7gpkyK9ejO6mdoexM3YeG+y9HT0=",
      "dev": true
    },
    "serialize-javascript": {
      "version": "1.9.1",
      "resolved": "http://r.tnpm.oa.com/serialize-javascript/download/serialize-javascript-1.9.1.tgz",
      "integrity": "sha1-z8IArvd7YAxH2pu4FJyUPnmML9s=",
      "dev": true
    },
    "source-map": {
      "version": "0.6.1",
      "resolved": "http://r.tnpm.oa.com/source-map/download/source-map-0.6.1.tgz",
      "integrity": "sha1-dHIq8y6WFOnCh6jQu95IteLxomM=",
      "dev": true
    },
    "source-map-support": {
      "version": "0.5.13",
      "resolved": "http://r.tnpm.oa.com/source-map-support/download/source-map-support-0.5.13.tgz",
      "integrity": "sha1-MbJKnC5zwt6FBmwP631Edn7VKTI=",
      "dev": true,
      "requires": {
        "buffer-from": "^1.0.0",
        "source-map": "^0.6.0"
      }
    },
    "sourcemap-codec": {
      "version": "1.4.6",
      "resolved": "http://r.tnpm.oa.com/sourcemap-codec/download/sourcemap-codec-1.4.6.tgz",
      "integrity": "sha1-4wp08EArrQmAdkDTnpcQkKCM4ek=",
      "dev": true
    },
    "src": {
      "version": "1.1.2",
      "resolved": "http://r.tnpm.oa.com/src/download/src-1.1.2.tgz",
      "integrity": "sha1-eKvdHAjKyibMbPRb1YC1bZOs+38=",
      "requires": {
        "redis-url": "~0.2.0",
        "underscore": "~1.6.0",
        "uuid": "~1.4.1"
      }
    },
    "supports-color": {
      "version": "5.5.0",
      "resolved": "http://r.tnpm.oa.com/supports-color/download/supports-color-5.5.0.tgz",
      "integrity": "sha1-4uaaRKyHcveKHsCzW2id9lMO/I8=",
      "dev": true,
      "requires": {
        "has-flag": "^3.0.0"
      }
    },
    "ts-node": {
      "version": "8.4.1",
      "resolved": "http://r.tnpm.oa.com/ts-node/download/ts-node-8.4.1.tgz",
      "integrity": "sha1-JwsNuhbocjyfpPm0d104EP2ZS08=",
      "dev": true,
      "requires": {
        "arg": "^4.1.0",
        "diff": "^4.0.1",
        "make-error": "^1.1.1",
        "source-map-support": "^0.5.6",
        "yn": "^3.0.0"
      }
    },
    "tslib": {
      "version": "1.10.0",
      "resolved": "http://r.tnpm.oa.com/tslib/download/tslib-1.10.0.tgz",
      "integrity": "sha1-w8GflZc/sKYpc/sJ2Q2WHuQ+XIo=",
      "dev": true
    },
    "typescript": {
      "version": "3.6.3",
      "resolved": "http://r.tnpm.oa.com/typescript/download/typescript-3.6.3.tgz",
      "integrity": "sha1-/qlC+rsg9+HKcWT/Ym8anz9wtNo=",
      "dev": true
    },
    "uglify-js": {
      "version": "3.6.0",
      "resolved": "http://r.tnpm.oa.com/uglify-js/download/uglify-js-3.6.0.tgz",
      "integrity": "sha1-cEaBNFxTqLIHn7bOwpSwXq0kL/U=",
      "dev": true,
      "requires": {
        "commander": "~2.20.0",
        "source-map": "~0.6.1"
      }
    },
    "underscore": {
      "version": "1.6.0",
      "resolved": "http://r.tnpm.oa.com/underscore/download/underscore-1.6.0.tgz",
      "integrity": "sha1-izixDKze9jM3uLJOT/htRa6lKag="
    },
    "universalify": {
      "version": "0.1.2",
      "resolved": "http://r.tnpm.oa.com/universalify/download/universalify-0.1.2.tgz",
      "integrity": "sha1-tkb2m+OULavOzJ1mOcgNwQXvqmY=",
      "dev": true
    },
    "uuid": {
      "version": "1.4.2",
      "resolved": "http://r.tnpm.oa.com/uuid/download/uuid-1.4.2.tgz",
      "integrity": "sha1-RTAZ9oaWam34PNxSROfJkOzDMvw="
    },
    "yn": {
      "version": "3.1.1",
      "resolved": "http://r.tnpm.oa.com/yn/download/yn-3.1.1.tgz",
      "integrity": "sha1-HodAGgnXZ8HV6rJqbkwYUYLS61A=",
      "dev": true
    }
  }
}
